
Microsoft Visual Studio Solution File, Format Version 12.00
# Visual Studio Version 17
VisualStudioVersion = 17.3.32901.215
MinimumVisualStudioVersion = 10.0.40219.1
Project("{FAE04EC0-301F-11D3-BF4B-00C04F79EFBC}") = "Quickcalc", "Quickcalc.csproj", "{A176FADC-1040-4BED-9CBD-4E287D7895CA}"
EndProject
Global
	GlobalSection(SolutionConfigurationPlatforms) = preSolution
		Debug|Any CPU = Debug|Any CPU
		Release|Any CPU = Release|Any CPU
	EndGlobalSection
	GlobalSection(ProjectConfigurationPlatforms) = postSolution
		{A176FADC-1040-4BED-9CBD-4E287D7895CA}.Debug|Any CPU.ActiveCfg = Debug|Any CPU
		{A176FADC-1040-4BED-9CBD-4E287D7895CA}.Debug|Any CPU.Build.0 = Debug|Any CPU
		{A176FADC-1040-4BED-9CBD-4E287D7895CA}.Release|Any CPU.ActiveCfg = Release|Any CPU
		{A176FADC-1040-4BED-9CBD-4E287D7895CA}.Release|Any CPU.Build.0 = Release|Any CPU
	EndGlobalSection
	GlobalSection(SolutionProperties) = preSolution
		HideSolutionNode = FALSE
	EndGlobalSection
	GlobalSection(ExtensibilityGlobals) = postSolution
		SolutionGuid = {4A40E309-4D40-40CD-8D5B-ADC717E3277E}
	EndGlobalSection
EndGlobal
